
Microsoft Visual Studio Solution File, Format Version 12.00
# Visual Studio 15
Project("{FAE04EC0-301F-11D3-BF4B-00C04F79EFBC}") = "Assembly-CSharp", "Assembly-CSharp.csproj", "{B2F43BB0-064E-E22A-D1BC-443B8C0AD336}"
EndProject
Project("{FAE04EC0-301F-11D3-BF4B-00C04F79EFBC}") = "NativeGallery.Runtime", "NativeGallery.Runtime.csproj", "{F8CEFD06-3C62-420D-DD10-5CA4A5505A8B}"
EndProject
Project("{FAE04EC0-301F-11D3-BF4B-00C04F79EFBC}") = "EditorMigrationScripts", "EditorMigrationScripts.csproj", "{1A8738F9-A611-16A6-556C-9E2CCC05F01D}"
EndProject
Project("{FAE04EC0-301F-11D3-BF4B-00C04F79EFBC}") = "NativeGallery.Editor", "NativeGallery.Editor.csproj", "{14136211-B08C-C2C5-1D3A-6E4C3DFD6CBD}"
EndProject
Global
	GlobalSection(SolutionConfigurationPlatforms) = preSolution
		Debug|Any CPU = Debug|Any CPU
		Release|Any CPU = Release|Any CPU
	EndGlobalSection
	GlobalSection(ProjectConfigurationPlatforms) = postSolution
		{B2F43BB0-064E-E22A-D1BC-443B8C0AD336}.Debug|Any CPU.ActiveCfg = Debug|Any CPU
		{B2F43BB0-064E-E22A-D1BC-443B8C0AD336}.Debug|Any CPU.Build.0 = Debug|Any CPU
		{B2F43BB0-064E-E22A-D1BC-443B8C0AD336}.Release|Any CPU.ActiveCfg = Release|Any CPU
		{B2F43BB0-064E-E22A-D1BC-443B8C0AD336}.Release|Any CPU.Build.0 = Release|Any CPU
		{F8CEFD06-3C62-420D-DD10-5CA4A5505A8B}.Debug|Any CPU.ActiveCfg = Debug|Any CPU
		{F8CEFD06-3C62-420D-DD10-5CA4A5505A8B}.Debug|Any CPU.Build.0 = Debug|Any CPU
		{F8CEFD06-3C62-420D-DD10-5CA4A5505A8B}.Release|Any CPU.ActiveCfg = Release|Any CPU
		{F8CEFD06-3C62-420D-DD10-5CA4A5505A8B}.Release|Any CPU.Build.0 = Release|Any CPU
		{1A8738F9-A611-16A6-556C-9E2CCC05F01D}.Debug|Any CPU.ActiveCfg = Debug|Any CPU
		{1A8738F9-A611-16A6-556C-9E2CCC05F01D}.Debug|Any CPU.Build.0 = Debug|Any CPU
		{1A8738F9-A611-16A6-556C-9E2CCC05F01D}.Release|Any CPU.ActiveCfg = Release|Any CPU
		{1A8738F9-A611-16A6-556C-9E2CCC05F01D}.Release|Any CPU.Build.0 = Release|Any CPU
		{14136211-B08C-C2C5-1D3A-6E4C3DFD6CBD}.Debug|Any CPU.ActiveCfg = Debug|Any CPU
		{14136211-B08C-C2C5-1D3A-6E4C3DFD6CBD}.Debug|Any CPU.Build.0 = Debug|Any CPU
		{14136211-B08C-C2C5-1D3A-6E4C3DFD6CBD}.Release|Any CPU.ActiveCfg = Release|Any CPU
		{14136211-B08C-C2C5-1D3A-6E4C3DFD6CBD}.Release|Any CPU.Build.0 = Release|Any CPU
	EndGlobalSection
	GlobalSection(SolutionProperties) = preSolution
		HideSolutionNode = FALSE
	EndGlobalSection
EndGlobal
